
Microsoft Visual Studio Solution File, Format Version 12.00
# Visual Studio Version 17
VisualStudioVersion = 17.6.33815.320
MinimumVisualStudioVersion = 10.0.40219.1
Project("{FAE04EC0-301F-11D3-BF4B-00C04F79EFBC}") = "FunkyFarm", "FunkyFarm\FunkyFarm.csproj", "{370FDB0E-44AA-4435-8DEF-B370A22319E6}"
EndProject
Global
	GlobalSection(SolutionConfigurationPlatforms) = preSolution
		Debug|Any CPU = Debug|Any CPU
		Release|Any CPU = Release|Any CPU
	EndGlobalSection
	GlobalSection(ProjectConfigurationPlatforms) = postSolution
		{370FDB0E-44AA-4435-8DEF-B370A22319E6}.Debug|Any CPU.ActiveCfg = Debug|Any CPU
		{370FDB0E-44AA-4435-8DEF-B370A22319E6}.Debug|Any CPU.Build.0 = Debug|Any CPU
		{370FDB0E-44AA-4435-8DEF-B370A22319E6}.Release|Any CPU.ActiveCfg = Release|Any CPU
		{370FDB0E-44AA-4435-8DEF-B370A22319E6}.Release|Any CPU.Build.0 = Release|Any CPU
	EndGlobalSection
	GlobalSection(SolutionProperties) = preSolution
		HideSolutionNode = FALSE
	EndGlobalSection
	GlobalSection(ExtensibilityGlobals) = postSolution
		SolutionGuid = {DEC426C9-B549-453B-B762-58DE8DDB27F2}
	EndGlobalSection
EndGlobal
